// !$*UTF8*$!
{
	archiveVersion = 1;
	classes = {
	};
	objectVersion = 77;
	objects = {

/* Begin PBXBuildFile section */
		049CFADB2CC3CE4F000C8367 /* SnapKit in Frameworks */ = {isa = PBXBuildFile; productRef = 049CFADA2CC3CE4F000C8367 /* SnapKit */; };
		04D4F58A2CDA96310074AD2B /* SnapshotTesting in Frameworks */ = {isa = PBXBuildFile; productRef = 04D4F5892CDA96310074AD2B /* SnapshotTesting */; };
		04D4F5992CDAF7440074AD2B /* InlineSnapshotTesting in Frameworks */ = {isa = PBXBuildFile; productRef = 04D4F5982CDAF7440074AD2B /* InlineSnapshotTesting */; };
		04D4F59B2CDAF7440074AD2B /* SnapshotTesting in Frameworks */ = {isa = PBXBuildFile; productRef = 04D4F59A2CDAF7440074AD2B /* SnapshotTesting */; };
/* End PBXBuildFile section */

/* Begin PBXContainerItemProxy section */
		041F771D2CCFEA1C0004DA42 /* PBXContainerItemProxy */ = {
			isa = PBXContainerItemProxy;
			containerPortal = 047A41882CC0978700886C8D /* Project object */;
			proxyType = 1;
			remoteGlobalIDString = 047A418F2CC0978700886C8D;
			remoteInfo = WeatherForecastBrick;
		};
		04D4F5932CDAF1550074AD2B /* PBXContainerItemProxy */ = {
			isa = PBXContainerItemProxy;
			containerPortal = 047A41882CC0978700886C8D /* Project object */;
			proxyType = 1;
			remoteGlobalIDString = 047A418F2CC0978700886C8D;
			remoteInfo = WeatherForecastBrick;
		};
		04FCB3362CD0156E001AB557 /* PBXContainerItemProxy */ = {
			isa = PBXContainerItemProxy;
			containerPortal = 047A41882CC0978700886C8D /* Project object */;
			proxyType = 1;
			remoteGlobalIDString = 047A418F2CC0978700886C8D;
			remoteInfo = WeatherForecastBrick;
		};
/* End PBXContainerItemProxy section */

/* Begin PBXFileReference section */
		041F77192CCFEA1C0004DA42 /* WeatherForecastBrickTests.xctest */ = {isa = PBXFileReference; explicitFileType = wrapper.cfbundle; includeInIndex = 0; path = WeatherForecastBrickTests.xctest; sourceTree = BUILT_PRODUCTS_DIR; };
		047A41902CC0978700886C8D /* WeatherForecastBrick.app */ = {isa = PBXFileReference; explicitFileType = wrapper.application; includeInIndex = 0; path = WeatherForecastBrick.app; sourceTree = BUILT_PRODUCTS_DIR; };
		04D4F58F2CDAF1550074AD2B /* MyViewControllerSnapshotTests.xctest */ = {isa = PBXFileReference; explicitFileType = wrapper.cfbundle; includeInIndex = 0; path = MyViewControllerSnapshotTests.xctest; sourceTree = BUILT_PRODUCTS_DIR; };
		04FCB3302CD0156E001AB557 /* WeatherForecastBrickUITests.xctest */ = {isa = PBXFileReference; explicitFileType = wrapper.cfbundle; includeInIndex = 0; path = WeatherForecastBrickUITests.xctest; sourceTree = BUILT_PRODUCTS_DIR; };
/* End PBXFileReference section */

/* Begin PBXFileSystemSynchronizedBuildFileExceptionSet section */
		047A41A22CC0978800886C8D /* Exceptions for "WeatherForecastBrick" folder in "WeatherForecastBrick" target */ = {
			isa = PBXFileSystemSynchronizedBuildFileExceptionSet;
			membershipExceptions = (
				Info.plist,
			);
			target = 047A418F2CC0978700886C8D /* WeatherForecastBrick */;
		};
/* End PBXFileSystemSynchronizedBuildFileExceptionSet section */

/* Begin PBXFileSystemSynchronizedRootGroup section */
		041F771A2CCFEA1C0004DA42 /* WeatherForecastBrickTests */ = {
			isa = PBXFileSystemSynchronizedRootGroup;
			path = WeatherForecastBrickTests;
			sourceTree = "<group>";
		};
		047A41922CC0978700886C8D /* WeatherForecastBrick */ = {
			isa = PBXFileSystemSynchronizedRootGroup;
			exceptions = (
				047A41A22CC0978800886C8D /* Exceptions for "WeatherForecastBrick" folder in "WeatherForecastBrick" target */,
			);
			path = WeatherForecastBrick;
			sourceTree = "<group>";
		};
		04D4F5902CDAF1550074AD2B /* MyViewControllerSnapshotTests */ = {
			isa = PBXFileSystemSynchronizedRootGroup;
			path = MyViewControllerSnapshotTests;
			sourceTree = "<group>";
		};
		04FCB3312CD0156E001AB557 /* WeatherForecastBrickUITests */ = {
			isa = PBXFileSystemSynchronizedRootGroup;
			path = WeatherForecastBrickUITests;
			sourceTree = "<group>";
		};
/* End PBXFileSystemSynchronizedRootGroup section */

/* Begin PBXFrameworksBuildPhase section */
		041F77162CCFEA1C0004DA42 /* Frameworks */ = {
			isa = PBXFrameworksBuildPhase;
			buildActionMask = 2147483647;
			files = (
			);
			runOnlyForDeploymentPostprocessing = 0;
		};
		047A418D2CC0978700886C8D /* Frameworks */ = {
			isa = PBXFrameworksBuildPhase;
			buildActionMask = 2147483647;
			files = (
				049CFADB2CC3CE4F000C8367 /* SnapKit in Frameworks */,
			);
			runOnlyForDeploymentPostprocessing = 0;
		};
		04D4F58C2CDAF1550074AD2B /* Frameworks */ = {
			isa = PBXFrameworksBuildPhase;
			buildActionMask = 2147483647;
			files = (
				04D4F5992CDAF7440074AD2B /* InlineSnapshotTesting in Frameworks */,
				04D4F59B2CDAF7440074AD2B /* SnapshotTesting in Frameworks */,
			);
			runOnlyForDeploymentPostprocessing = 0;
		};
		04FCB32D2CD0156E001AB557 /* Frameworks */ = {
			isa = PBXFrameworksBuildPhase;
			buildActionMask = 2147483647;
			files = (
				04D4F58A2CDA96310074AD2B /* SnapshotTesting in Frameworks */,
			);
			runOnlyForDeploymentPostprocessing = 0;
		};
/* End PBXFrameworksBuildPhase section */

/* Begin PBXGroup section */
		047A41872CC0978700886C8D = {
			isa = PBXGroup;
			children = (
				047A41922CC0978700886C8D /* WeatherForecastBrick */,
				041F771A2CCFEA1C0004DA42 /* WeatherForecastBrickTests */,
				04FCB3312CD0156E001AB557 /* WeatherForecastBrickUITests */,
				04D4F5902CDAF1550074AD2B /* MyViewControllerSnapshotTests */,
				04D4F5822CDA78280074AD2B /* Frameworks */,
				047A41912CC0978700886C8D /* Products */,
			);
			sourceTree = "<group>";
		};
		047A41912CC0978700886C8D /* Products */ = {
			isa = PBXGroup;
			children = (
				047A41902CC0978700886C8D /* WeatherForecastBrick.app */,
				041F77192CCFEA1C0004DA42 /* WeatherForecastBrickTests.xctest */,
				04FCB3302CD0156E001AB557 /* WeatherForecastBrickUITests.xctest */,
				04D4F58F2CDAF1550074AD2B /* MyViewControllerSnapshotTests.xctest */,
			);
			name = Products;
			sourceTree = "<group>";
		};
		04D4F5822CDA78280074AD2B /* Frameworks */ = {
			isa = PBXGroup;
			children = (
			);
			name = Frameworks;
			sourceTree = "<group>";
		};
/* End PBXGroup section */

/* Begin PBXNativeTarget section */
		041F77182CCFEA1C0004DA42 /* WeatherForecastBrickTests */ = {
			isa = PBXNativeTarget;
			buildConfigurationList = 041F77212CCFEA1C0004DA42 /* Build configuration list for PBXNativeTarget "WeatherForecastBrickTests" */;
			buildPhases = (
				041F77152CCFEA1C0004DA42 /* Sources */,
				041F77162CCFEA1C0004DA42 /* Frameworks */,
				041F77172CCFEA1C0004DA42 /* Resources */,
			);
			buildRules = (
			);
			dependencies = (
				041F771E2CCFEA1C0004DA42 /* PBXTargetDependency */,
			);
			fileSystemSynchronizedGroups = (
				041F771A2CCFEA1C0004DA42 /* WeatherForecastBrickTests */,
			);
			name = WeatherForecastBrickTests;
			packageProductDependencies = (
			);
			productName = WeatherForecastBrickTests;
			productReference = 041F77192CCFEA1C0004DA42 /* WeatherForecastBrickTests.xctest */;
			productType = "com.apple.product-type.bundle.unit-test";
		};
		047A418F2CC0978700886C8D /* WeatherForecastBrick */ = {
			isa = PBXNativeTarget;
			buildConfigurationList = 047A41A32CC0978800886C8D /* Build configuration list for PBXNativeTarget "WeatherForecastBrick" */;
			buildPhases = (
				047A418C2CC0978700886C8D /* Sources */,
				047A418D2CC0978700886C8D /* Frameworks */,
				047A418E2CC0978700886C8D /* Resources */,
			);
			buildRules = (
			);
			dependencies = (
			);
			fileSystemSynchronizedGroups = (
				047A41922CC0978700886C8D /* WeatherForecastBrick */,
			);
			name = WeatherForecastBrick;
			packageProductDependencies = (
				049CFADA2CC3CE4F000C8367 /* SnapKit */,
			);
			productName = WeatherForecastBrick;
			productReference = 047A41902CC0978700886C8D /* WeatherForecastBrick.app */;
			productType = "com.apple.product-type.application";
		};
		04D4F58E2CDAF1550074AD2B /* MyViewControllerSnapshotTests */ = {
			isa = PBXNativeTarget;
			buildConfigurationList = 04D4F5952CDAF1550074AD2B /* Build configuration list for PBXNativeTarget "MyViewControllerSnapshotTests" */;
			buildPhases = (
				04D4F58B2CDAF1550074AD2B /* Sources */,
				04D4F58C2CDAF1550074AD2B /* Frameworks */,
				04D4F58D2CDAF1550074AD2B /* Resources */,
			);
			buildRules = (
			);
			dependencies = (
				04D4F5942CDAF1550074AD2B /* PBXTargetDependency */,
			);
			fileSystemSynchronizedGroups = (
				04D4F5902CDAF1550074AD2B /* MyViewControllerSnapshotTests */,
			);
			name = MyViewControllerSnapshotTests;
			packageProductDependencies = (
				04D4F5982CDAF7440074AD2B /* InlineSnapshotTesting */,
				04D4F59A2CDAF7440074AD2B /* SnapshotTesting */,
			);
			productName = MyViewControllerSnapshotTests;
			productReference = 04D4F58F2CDAF1550074AD2B /* MyViewControllerSnapshotTests.xctest */;
			productType = "com.apple.product-type.bundle.unit-test";
		};
		04FCB32F2CD0156E001AB557 /* WeatherForecastBrickUITests */ = {
			isa = PBXNativeTarget;
			buildConfigurationList = 04FCB33A2CD0156E001AB557 /* Build configuration list for PBXNativeTarget "WeatherForecastBrickUITests" */;
			buildPhases = (
				04FCB32C2CD0156E001AB557 /* Sources */,
				04FCB32D2CD0156E001AB557 /* Frameworks */,
				04FCB32E2CD0156E001AB557 /* Resources */,
			);
			buildRules = (
			);
			dependencies = (
				04FCB3372CD0156E001AB557 /* PBXTargetDependency */,
			);
			fileSystemSynchronizedGroups = (
				04FCB3312CD0156E001AB557 /* WeatherForecastBrickUITests */,
			);
			name = WeatherForecastBrickUITests;
			packageProductDependencies = (
				04D4F5892CDA96310074AD2B /* SnapshotTesting */,
			);
			productName = WeatherForecastBrickUITests;
			productReference = 04FCB3302CD0156E001AB557 /* WeatherForecastBrickUITests.xctest */;
			productType = "com.apple.product-type.bundle.ui-testing";
		};
/* End PBXNativeTarget section */

/* Begin PBXProject section */
		047A41882CC0978700886C8D /* Project object */ = {
			isa = PBXProject;
			attributes = {
				BuildIndependentTargetsInParallel = 1;
				LastSwiftUpdateCheck = 1610;
				LastUpgradeCheck = 1600;
				TargetAttributes = {
					041F77182CCFEA1C0004DA42 = {
						CreatedOnToolsVersion = 16.0;
						TestTargetID = 047A418F2CC0978700886C8D;
					};
					047A418F2CC0978700886C8D = {
						CreatedOnToolsVersion = 16.0;
					};
					04D4F58E2CDAF1550074AD2B = {
						CreatedOnToolsVersion = 16.1;
						TestTargetID = 047A418F2CC0978700886C8D;
					};
					04FCB32F2CD0156E001AB557 = {
						CreatedOnToolsVersion = 16.0;
						TestTargetID = 047A418F2CC0978700886C8D;
					};
				};
			};
			buildConfigurationList = 047A418B2CC0978700886C8D /* Build configuration list for PBXProject "WeatherForecastBrick" */;
			developmentRegion = en;
			hasScannedForEncodings = 0;
			knownRegions = (
				en,
				Base,
			);
			mainGroup = 047A41872CC0978700886C8D;
			minimizedProjectReferenceProxies = 1;
			packageReferences = (
				049CFAD92CC3CE4F000C8367 /* XCRemoteSwiftPackageReference "SnapKit" */,
				04D4F5882CDA96310074AD2B /* XCRemoteSwiftPackageReference "swift-snapshot-testing" */,
			);
			preferredProjectObjectVersion = 77;
			productRefGroup = 047A41912CC0978700886C8D /* Products */;
			projectDirPath = "";
			projectRoot = "";
			targets = (
				047A418F2CC0978700886C8D /* WeatherForecastBrick */,
				041F77182CCFEA1C0004DA42 /* WeatherForecastBrickTests */,
				04FCB32F2CD0156E001AB557 /* WeatherForecastBrickUITests */,
				04D4F58E2CDAF1550074AD2B /* MyViewControllerSnapshotTests */,
			);
		};
/* End PBXProject section */

/* Begin PBXResourcesBuildPhase section */
		041F77172CCFEA1C0004DA42 /* Resources */ = {
			isa = PBXResourcesBuildPhase;
			buildActionMask = 2147483647;
			files = (
			);
			runOnlyForDeploymentPostprocessing = 0;
		};
		047A418E2CC0978700886C8D /* Resources */ = {
			isa = PBXResourcesBuildPhase;
			buildActionMask = 2147483647;
			files = (
			);
			runOnlyForDeploymentPostprocessing = 0;
		};
		04D4F58D2CDAF1550074AD2B /* Resources */ = {
			isa = PBXResourcesBuildPhase;
			buildActionMask = 2147483647;
			files = (
			);
			runOnlyForDeploymentPostprocessing = 0;
		};
		04FCB32E2CD0156E001AB557 /* Resources */ = {
			isa = PBXResourcesBuildPhase;
			buildActionMask = 2147483647;
			files = (
			);
			runOnlyForDeploymentPostprocessing = 0;
		};
/* End PBXResourcesBuildPhase section */

/* Begin PBXSourcesBuildPhase section */
		041F77152CCFEA1C0004DA42 /* Sources */ = {
			isa = PBXSourcesBuildPhase;
			buildActionMask = 2147483647;
			files = (
			);
			runOnlyForDeploymentPostprocessing = 0;
		};
		047A418C2CC0978700886C8D /* Sources */ = {
			isa = PBXSourcesBuildPhase;
			buildActionMask = 2147483647;
			files = (
			);
			runOnlyForDeploymentPostprocessing = 0;
		};
		04D4F58B2CDAF1550074AD2B /* Sources */ = {
			isa = PBXSourcesBuildPhase;
			buildActionMask = 2147483647;
			files = (
			);
			runOnlyForDeploymentPostprocessing = 0;
		};
		04FCB32C2CD0156E001AB557 /* Sources */ = {
			isa = PBXSourcesBuildPhase;
			buildActionMask = 2147483647;
			files = (
			);
			runOnlyForDeploymentPostprocessing = 0;
		};
/* End PBXSourcesBuildPhase section */

/* Begin PBXTargetDependency section */
		041F771E2CCFEA1C0004DA42 /* PBXTargetDependency */ = {
			isa = PBXTargetDependency;
			target = 047A418F2CC0978700886C8D /* WeatherForecastBrick */;
			targetProxy = 041F771D2CCFEA1C0004DA42 /* PBXContainerItemProxy */;
		};
		04D4F5942CDAF1550074AD2B /* PBXTargetDependency */ = {
			isa = PBXTargetDependency;
			target = 047A418F2CC0978700886C8D /* WeatherForecastBrick */;
			targetProxy = 04D4F5932CDAF1550074AD2B /* PBXContainerItemProxy */;
		};
		04FCB3372CD0156E001AB557 /* PBXTargetDependency */ = {
			isa = PBXTargetDependency;
			target = 047A418F2CC0978700886C8D /* WeatherForecastBrick */;
			targetProxy = 04FCB3362CD0156E001AB557 /* PBXContainerItemProxy */;
		};
/* End PBXTargetDependency section */

/* Begin XCBuildConfiguration section */
		041F771F2CCFEA1C0004DA42 /* Debug */ = {
			isa = XCBuildConfiguration;
			buildSettings = {
				BUNDLE_LOADER = "$(TEST_HOST)";
				CODE_SIGN_STYLE = Automatic;
				CURRENT_PROJECT_VERSION = 1;
				DEVELOPMENT_TEAM = 6D4397MTLK;
				GENERATE_INFOPLIST_FILE = YES;
				IPHONEOS_DEPLOYMENT_TARGET = 18.1;
				MARKETING_VERSION = 1.0;
				PRODUCT_BUNDLE_IDENTIFIER = olehLiuklian.WeatherForecastBrickTests;
				PRODUCT_NAME = "$(TARGET_NAME)";
				SWIFT_EMIT_LOC_STRINGS = NO;
				SWIFT_VERSION = 5.0;
				TARGETED_DEVICE_FAMILY = "1,2";
				TEST_HOST = "$(BUILT_PRODUCTS_DIR)/WeatherForecastBrick.app/$(BUNDLE_EXECUTABLE_FOLDER_PATH)/WeatherForecastBrick";
			};
			name = Debug;
		};
		041F77202CCFEA1C0004DA42 /* Release */ = {
			isa = XCBuildConfiguration;
			buildSettings = {
				BUNDLE_LOADER = "$(TEST_HOST)";
				CODE_SIGN_STYLE = Automatic;
				CURRENT_PROJECT_VERSION = 1;
				DEVELOPMENT_TEAM = 6D4397MTLK;
				GENERATE_INFOPLIST_FILE = YES;
				IPHONEOS_DEPLOYMENT_TARGET = 18.1;
				MARKETING_VERSION = 1.0;
				PRODUCT_BUNDLE_IDENTIFIER = olehLiuklian.WeatherForecastBrickTests;
				PRODUCT_NAME = "$(TARGET_NAME)";
				SWIFT_EMIT_LOC_STRINGS = NO;
				SWIFT_VERSION = 5.0;
				TARGETED_DEVICE_FAMILY = "1,2";
				TEST_HOST = "$(BUILT_PRODUCTS_DIR)/WeatherForecastBrick.app/$(BUNDLE_EXECUTABLE_FOLDER_PATH)/WeatherForecastBrick";
			};
			name = Release;
		};
		047A41A42CC0978800886C8D /* Debug */ = {
			isa = XCBuildConfiguration;
			buildSettings = {
				ASSETCATALOG_COMPILER_APPICON_NAME = AppIcon;
				ASSETCATALOG_COMPILER_GLOBAL_ACCENT_COLOR_NAME = AccentColor;
				CODE_SIGN_STYLE = Automatic;
				CURRENT_PROJECT_VERSION = 1;
				DEVELOPMENT_TEAM = 6D4397MTLK;
				GENERATE_INFOPLIST_FILE = YES;
				INFOPLIST_FILE = WeatherForecastBrick/Info.plist;
				INFOPLIST_KEY_NSLocationWhenInUseUsageDescription = "App requires your location to provide weather updates.";
				INFOPLIST_KEY_UIApplicationSupportsIndirectInputEvents = YES;
				INFOPLIST_KEY_UILaunchStoryboardName = LaunchScreen;
				INFOPLIST_KEY_UISupportedInterfaceOrientations = UIInterfaceOrientationPortrait;
				IPHONEOS_DEPLOYMENT_TARGET = 18.1;
				LD_RUNPATH_SEARCH_PATHS = (
					"$(inherited)",
					"@executable_path/Frameworks",
				);
				MARKETING_VERSION = 1.0;
				PRODUCT_BUNDLE_IDENTIFIER = olehLiuklian.WeatherForecastBrick;
				PRODUCT_NAME = "$(TARGET_NAME)";
				SWIFT_EMIT_LOC_STRINGS = YES;
				SWIFT_VERSION = 5.0;
				TARGETED_DEVICE_FAMILY = "1,2";
			};
			name = Debug;
		};
		047A41A52CC0978800886C8D /* Release */ = {
			isa = XCBuildConfiguration;
			buildSettings = {
				ASSETCATALOG_COMPILER_APPICON_NAME = AppIcon;
				ASSETCATALOG_COMPILER_GLOBAL_ACCENT_COLOR_NAME = AccentColor;
				CODE_SIGN_STYLE = Automatic;
				CURRENT_PROJECT_VERSION = 1;
				DEVELOPMENT_TEAM = 6D4397MTLK;
				GENERATE_INFOPLIST_FILE = YES;
				INFOPLIST_FILE = WeatherForecastBrick/Info.plist;
				INFOPLIST_KEY_NSLocationWhenInUseUsageDescription = "App requires your location to provide weather updates.";
				INFOPLIST_KEY_UIApplicationSupportsIndirectInputEvents = YES;
				INFOPLIST_KEY_UILaunchStoryboardName = LaunchScreen;
				INFOPLIST_KEY_UISupportedInterfaceOrientations = UIInterfaceOrientationPortrait;
				IPHONEOS_DEPLOYMENT_TARGET = 18.1;
				LD_RUNPATH_SEARCH_PATHS = (
					"$(inherited)",
					"@executable_path/Frameworks",
				);
				MARKETING_VERSION = 1.0;
				PRODUCT_BUNDLE_IDENTIFIER = olehLiuklian.WeatherForecastBrick;
				PRODUCT_NAME = "$(TARGET_NAME)";
				SWIFT_EMIT_LOC_STRINGS = YES;
				SWIFT_VERSION = 5.0;
				TARGETED_DEVICE_FAMILY = "1,2";
			};
			name = Release;
		};
		047A41A62CC0978800886C8D /* Debug */ = {
			isa = XCBuildConfiguration;
			buildSettings = {
				ALWAYS_SEARCH_USER_PATHS = NO;
				ASSETCATALOG_COMPILER_GENERATE_SWIFT_ASSET_SYMBOL_EXTENSIONS = YES;
				CLANG_ANALYZER_NONNULL = YES;
				CLANG_ANALYZER_NUMBER_OBJECT_CONVERSION = YES_AGGRESSIVE;
				CLANG_CXX_LANGUAGE_STANDARD = "gnu++20";
				CLANG_ENABLE_MODULES = YES;
				CLANG_ENABLE_OBJC_ARC = YES;
				CLANG_ENABLE_OBJC_WEAK = YES;
				CLANG_WARN_BLOCK_CAPTURE_AUTORELEASING = YES;
				CLANG_WARN_BOOL_CONVERSION = YES;
				CLANG_WARN_COMMA = YES;
				CLANG_WARN_CONSTANT_CONVERSION = YES;
				CLANG_WARN_DEPRECATED_OBJC_IMPLEMENTATIONS = YES;
				CLANG_WARN_DIRECT_OBJC_ISA_USAGE = YES_ERROR;
				CLANG_WARN_DOCUMENTATION_COMMENTS = YES;
				CLANG_WARN_EMPTY_BODY = YES;
				CLANG_WARN_ENUM_CONVERSION = YES;
				CLANG_WARN_INFINITE_RECURSION = YES;
				CLANG_WARN_INT_CONVERSION = YES;
				CLANG_WARN_NON_LITERAL_NULL_CONVERSION = YES;
				CLANG_WARN_OBJC_IMPLICIT_RETAIN_SELF = YES;
				CLANG_WARN_OBJC_LITERAL_CONVERSION = YES;
				CLANG_WARN_OBJC_ROOT_CLASS = YES_ERROR;
				CLANG_WARN_QUOTED_INCLUDE_IN_FRAMEWORK_HEADER = YES;
				CLANG_WARN_RANGE_LOOP_ANALYSIS = YES;
				CLANG_WARN_STRICT_PROTOTYPES = YES;
				CLANG_WARN_SUSPICIOUS_MOVE = YES;
				CLANG_WARN_UNGUARDED_AVAILABILITY = YES_AGGRESSIVE;
				CLANG_WARN_UNREACHABLE_CODE = YES;
				CLANG_WARN__DUPLICATE_METHOD_MATCH = YES;
				COPY_PHASE_STRIP = NO;
				DEBUG_INFORMATION_FORMAT = dwarf;
				ENABLE_STRICT_OBJC_MSGSEND = YES;
				ENABLE_TESTABILITY = YES;
				ENABLE_USER_SCRIPT_SANDBOXING = YES;
				GCC_C_LANGUAGE_STANDARD = gnu17;
				GCC_DYNAMIC_NO_PIC = NO;
				GCC_NO_COMMON_BLOCKS = YES;
				GCC_OPTIMIZATION_LEVEL = 0;
				GCC_PREPROCESSOR_DEFINITIONS = (
					"DEBUG=1",
					"$(inherited)",
				);
				GCC_WARN_64_TO_32_BIT_CONVERSION = YES;
				GCC_WARN_ABOUT_RETURN_TYPE = YES_ERROR;
				GCC_WARN_UNDECLARED_SELECTOR = YES;
				GCC_WARN_UNINITIALIZED_AUTOS = YES_AGGRESSIVE;
				GCC_WARN_UNUSED_FUNCTION = YES;
				GCC_WARN_UNUSED_VARIABLE = YES;
				IPHONEOS_DEPLOYMENT_TARGET = 18.0;
				LOCALIZATION_PREFERS_STRING_CATALOGS = YES;
				MTL_ENABLE_DEBUG_INFO = INCLUDE_SOURCE;
				MTL_FAST_MATH = YES;
				ONLY_ACTIVE_ARCH = YES;
				SDKROOT = iphoneos;
				SWIFT_ACTIVE_COMPILATION_CONDITIONS = "DEBUG $(inherited)";
				SWIFT_OPTIMIZATION_LEVEL = "-Onone";
			};
			name = Debug;
		};
		047A41A72CC0978800886C8D /* Release */ = {
			isa = XCBuildConfiguration;
			buildSettings = {
				ALWAYS_SEARCH_USER_PATHS = NO;
				ASSETCATALOG_COMPILER_GENERATE_SWIFT_ASSET_SYMBOL_EXTENSIONS = YES;
				CLANG_ANALYZER_NONNULL = YES;
				CLANG_ANALYZER_NUMBER_OBJECT_CONVERSION = YES_AGGRESSIVE;
				CLANG_CXX_LANGUAGE_STANDARD = "gnu++20";
				CLANG_ENABLE_MODULES = YES;
				CLANG_ENABLE_OBJC_ARC = YES;
				CLANG_ENABLE_OBJC_WEAK = YES;
				CLANG_WARN_BLOCK_CAPTURE_AUTORELEASING = YES;
				CLANG_WARN_BOOL_CONVERSION = YES;
				CLANG_WARN_COMMA = YES;
				CLANG_WARN_CONSTANT_CONVERSION = YES;
				CLANG_WARN_DEPRECATED_OBJC_IMPLEMENTATIONS = YES;
				CLANG_WARN_DIRECT_OBJC_ISA_USAGE = YES_ERROR;
				CLANG_WARN_DOCUMENTATION_COMMENTS = YES;
				CLANG_WARN_EMPTY_BODY = YES;
				CLANG_WARN_ENUM_CONVERSION = YES;
				CLANG_WARN_INFINITE_RECURSION = YES;
				CLANG_WARN_INT_CONVERSION = YES;
				CLANG_WARN_NON_LITERAL_NULL_CONVERSION = YES;
				CLANG_WARN_OBJC_IMPLICIT_RETAIN_SELF = YES;
				CLANG_WARN_OBJC_LITERAL_CONVERSION = YES;
				CLANG_WARN_OBJC_ROOT_CLASS = YES_ERROR;
				CLANG_WARN_QUOTED_INCLUDE_IN_FRAMEWORK_HEADER = YES;
				CLANG_WARN_RANGE_LOOP_ANALYSIS = YES;
				CLANG_WARN_STRICT_PROTOTYPES = YES;
				CLANG_WARN_SUSPICIOUS_MOVE = YES;
				CLANG_WARN_UNGUARDED_AVAILABILITY = YES_AGGRESSIVE;
				CLANG_WARN_UNREACHABLE_CODE = YES;
				CLANG_WARN__DUPLICATE_METHOD_MATCH = YES;
				COPY_PHASE_STRIP = NO;
				DEBUG_INFORMATION_FORMAT = "dwarf-with-dsym";
				ENABLE_NS_ASSERTIONS = NO;
				ENABLE_STRICT_OBJC_MSGSEND = YES;
				ENABLE_USER_SCRIPT_SANDBOXING = YES;
				GCC_C_LANGUAGE_STANDARD = gnu17;
				GCC_NO_COMMON_BLOCKS = YES;
				GCC_WARN_64_TO_32_BIT_CONVERSION = YES;
				GCC_WARN_ABOUT_RETURN_TYPE = YES_ERROR;
				GCC_WARN_UNDECLARED_SELECTOR = YES;
				GCC_WARN_UNINITIALIZED_AUTOS = YES_AGGRESSIVE;
				GCC_WARN_UNUSED_FUNCTION = YES;
				GCC_WARN_UNUSED_VARIABLE = YES;
				IPHONEOS_DEPLOYMENT_TARGET = 18.0;
				LOCALIZATION_PREFERS_STRING_CATALOGS = YES;
				MTL_ENABLE_DEBUG_INFO = NO;
				MTL_FAST_MATH = YES;
				SDKROOT = iphoneos;
				SWIFT_COMPILATION_MODE = wholemodule;
				VALIDATE_PRODUCT = YES;
			};
			name = Release;
		};
		04D4F5962CDAF1550074AD2B /* Debug */ = {
			isa = XCBuildConfiguration;
			buildSettings = {
				BUNDLE_LOADER = "$(TEST_HOST)";
				CODE_SIGN_STYLE = Automatic;
				CURRENT_PROJECT_VERSION = 1;
				DEVELOPMENT_TEAM = 6D4397MTLK;
				GENERATE_INFOPLIST_FILE = YES;
				IPHONEOS_DEPLOYMENT_TARGET = 18.1;
				MARKETING_VERSION = 1.0;
				PRODUCT_BUNDLE_IDENTIFIER = olehLiuklian.MyViewControllerSnapshotTests;
				PRODUCT_NAME = "$(TARGET_NAME)";
				SWIFT_EMIT_LOC_STRINGS = NO;
				SWIFT_VERSION = 5.0;
				TARGETED_DEVICE_FAMILY = "1,2";
				TEST_HOST = "$(BUILT_PRODUCTS_DIR)/WeatherForecastBrick.app/$(BUNDLE_EXECUTABLE_FOLDER_PATH)/WeatherForecastBrick";
			};
			name = Debug;
		};
		04D4F5972CDAF1550074AD2B /* Release */ = {
			isa = XCBuildConfiguration;
			buildSettings = {
				BUNDLE_LOADER = "$(TEST_HOST)";
				CODE_SIGN_STYLE = Automatic;
				CURRENT_PROJECT_VERSION = 1;
				DEVELOPMENT_TEAM = 6D4397MTLK;
				GENERATE_INFOPLIST_FILE = YES;
				IPHONEOS_DEPLOYMENT_TARGET = 18.1;
				MARKETING_VERSION = 1.0;
				PRODUCT_BUNDLE_IDENTIFIER = olehLiuklian.MyViewControllerSnapshotTests;
				PRODUCT_NAME = "$(TARGET_NAME)";
				SWIFT_EMIT_LOC_STRINGS = NO;
				SWIFT_VERSION = 5.0;
				TARGETED_DEVICE_FAMILY = "1,2";
				TEST_HOST = "$(BUILT_PRODUCTS_DIR)/WeatherForecastBrick.app/$(BUNDLE_EXECUTABLE_FOLDER_PATH)/WeatherForecastBrick";
			};
			name = Release;
		};
		04FCB3382CD0156E001AB557 /* Debug */ = {
			isa = XCBuildConfiguration;
			buildSettings = {
				CODE_SIGN_STYLE = Automatic;
				CURRENT_PROJECT_VERSION = 1;
				DEVELOPMENT_TEAM = 6D4397MTLK;
				GENERATE_INFOPLIST_FILE = YES;
				IPHONEOS_DEPLOYMENT_TARGET = 18.1;
				MARKETING_VERSION = 1.0;
				PRODUCT_BUNDLE_IDENTIFIER = olehLiuklian.WeatherForecastBrickUITests;
				PRODUCT_NAME = "$(TARGET_NAME)";
				SWIFT_EMIT_LOC_STRINGS = NO;
				SWIFT_VERSION = 5.0;
				TARGETED_DEVICE_FAMILY = "1,2";
				TEST_TARGET_NAME = WeatherForecastBrick;
			};
			name = Debug;
		};
		04FCB3392CD0156E001AB557 /* Release */ = {
			isa = XCBuildConfiguration;
			buildSettings = {
				CODE_SIGN_STYLE = Automatic;
				CURRENT_PROJECT_VERSION = 1;
				DEVELOPMENT_TEAM = 6D4397MTLK;
				GENERATE_INFOPLIST_FILE = YES;
				IPHONEOS_DEPLOYMENT_TARGET = 18.1;
				MARKETING_VERSION = 1.0;
				PRODUCT_BUNDLE_IDENTIFIER = olehLiuklian.WeatherForecastBrickUITests;
				PRODUCT_NAME = "$(TARGET_NAME)";
				SWIFT_EMIT_LOC_STRINGS = NO;
				SWIFT_VERSION = 5.0;
				TARGETED_DEVICE_FAMILY = "1,2";
				TEST_TARGET_NAME = WeatherForecastBrick;
			};
			name = Release;
		};
/* End XCBuildConfiguration section */

/* Begin XCConfigurationList section */
		041F77212CCFEA1C0004DA42 /* Build configuration list for PBXNativeTarget "WeatherForecastBrickTests" */ = {
			isa = XCConfigurationList;
			buildConfigurations = (
				041F771F2CCFEA1C0004DA42 /* Debug */,
				041F77202CCFEA1C0004DA42 /* Release */,
			);
			defaultConfigurationIsVisible = 0;
			defaultConfigurationName = Release;
		};
		047A418B2CC0978700886C8D /* Build configuration list for PBXProject "WeatherForecastBrick" */ = {
			isa = XCConfigurationList;
			buildConfigurations = (
				047A41A62CC0978800886C8D /* Debug */,
				047A41A72CC0978800886C8D /* Release */,
			);
			defaultConfigurationIsVisible = 0;
			defaultConfigurationName = Release;
		};
		047A41A32CC0978800886C8D /* Build configuration list for PBXNativeTarget "WeatherForecastBrick" */ = {
			isa = XCConfigurationList;
			buildConfigurations = (
				047A41A42CC0978800886C8D /* Debug */,
				047A41A52CC0978800886C8D /* Release */,
			);
			defaultConfigurationIsVisible = 0;
			defaultConfigurationName = Release;
		};
		04D4F5952CDAF1550074AD2B /* Build configuration list for PBXNativeTarget "MyViewControllerSnapshotTests" */ = {
			isa = XCConfigurationList;
			buildConfigurations = (
				04D4F5962CDAF1550074AD2B /* Debug */,
				04D4F5972CDAF1550074AD2B /* Release */,
			);
			defaultConfigurationIsVisible = 0;
			defaultConfigurationName = Release;
		};
		04FCB33A2CD0156E001AB557 /* Build configuration list for PBXNativeTarget "WeatherForecastBrickUITests" */ = {
			isa = XCConfigurationList;
			buildConfigurations = (
				04FCB3382CD0156E001AB557 /* Debug */,
				04FCB3392CD0156E001AB557 /* Release */,
			);
			defaultConfigurationIsVisible = 0;
			defaultConfigurationName = Release;
		};
/* End XCConfigurationList section */

/* Begin XCRemoteSwiftPackageReference section */
		049CFAD92CC3CE4F000C8367 /* XCRemoteSwiftPackageReference "SnapKit" */ = {
			isa = XCRemoteSwiftPackageReference;
			repositoryURL = "https://github.com/SnapKit/SnapKit";
			requirement = {
				kind = upToNextMajorVersion;
				minimumVersion = 5.7.1;
			};
		};
		04D4F5882CDA96310074AD2B /* XCRemoteSwiftPackageReference "swift-snapshot-testing" */ = {
			isa = XCRemoteSwiftPackageReference;
			repositoryURL = "https://github.com/pointfreeco/swift-snapshot-testing";
			requirement = {
				kind = upToNextMajorVersion;
				minimumVersion = 1.17.6;
			};
		};
/* End XCRemoteSwiftPackageReference section */

/* Begin XCSwiftPackageProductDependency section */
		049CFADA2CC3CE4F000C8367 /* SnapKit */ = {
			isa = XCSwiftPackageProductDependency;
			package = 049CFAD92CC3CE4F000C8367 /* XCRemoteSwiftPackageReference "SnapKit" */;
			productName = SnapKit;
		};
		04D4F5892CDA96310074AD2B /* SnapshotTesting */ = {
			isa = XCSwiftPackageProductDependency;
			package = 04D4F5882CDA96310074AD2B /* XCRemoteSwiftPackageReference "swift-snapshot-testing" */;
			productName = SnapshotTesting;
		};
		04D4F5982CDAF7440074AD2B /* InlineSnapshotTesting */ = {
			isa = XCSwiftPackageProductDependency;
			package = 04D4F5882CDA96310074AD2B /* XCRemoteSwiftPackageReference "swift-snapshot-testing" */;
			productName = InlineSnapshotTesting;
		};
		04D4F59A2CDAF7440074AD2B /* SnapshotTesting */ = {
			isa = XCSwiftPackageProductDependency;
			package = 04D4F5882CDA96310074AD2B /* XCRemoteSwiftPackageReference "swift-snapshot-testing" */;
			productName = SnapshotTesting;
		};
/* End XCSwiftPackageProductDependency section */
	};
	rootObject = 047A41882CC0978700886C8D /* Project object */;
}
